// !$*UTF8*$!
{
	archiveVersion = 1;
	classes = {
	};
	objectVersion = 60;
	objects = {

/* Begin PBXBuildFile section */
		BD290FC02B759AEE00028257 /* TyroTapToPaySDKPackage in Frameworks */ = {isa = PBXBuildFile; productRef = BD290FBF2B759AEE00028257 /* TyroTapToPaySDKPackage */; };
		BD290FCA2B7B114F00028257 /* ReaderDiscoveryAdapter.swift in Sources */ = {isa = PBXBuildFile; fileRef = BD290FC92B7B114F00028257 /* ReaderDiscoveryAdapter.swift */; };
		BD7F0EAB2B198CF900EDEC1B /* SampleApp.swift in Sources */ = {isa = PBXBuildFile; fileRef = BD7F0EAA2B198CF900EDEC1B /* SampleApp.swift */; };
		BD7F0EAD2B198CF900EDEC1B /* ReaderDiscoveryView.swift in Sources */ = {isa = PBXBuildFile; fileRef = BD7F0EAC2B198CF900EDEC1B /* ReaderDiscoveryView.swift */; };
		BD7F0EAF2B198CFB00EDEC1B /* Assets.xcassets in Resources */ = {isa = PBXBuildFile; fileRef = BD7F0EAE2B198CFB00EDEC1B /* Assets.xcassets */; };
		BD7F0EB22B198CFB00EDEC1B /* Preview Assets.xcassets in Resources */ = {isa = PBXBuildFile; fileRef = BD7F0EB12B198CFB00EDEC1B /* Preview Assets.xcassets */; };
		BDD79C142B8DAF2F005ED6E5 /* TyroTapToPaySDKPackage in Frameworks */ = {isa = PBXBuildFile; productRef = BDD79C132B8DAF2F005ED6E5 /* TyroTapToPaySDKPackage */; };
		BDD79C162B8DAF78005ED6E5 /* TyroTapToPaySDKPackage in Frameworks */ = {isa = PBXBuildFile; productRef = BDD79C152B8DAF78005ED6E5 /* TyroTapToPaySDKPackage */; };
/* End PBXBuildFile section */

/* Begin PBXFileReference section */
		BD290FC92B7B114F00028257 /* ReaderDiscoveryAdapter.swift */ = {isa = PBXFileReference; lastKnownFileType = sourcecode.swift; path = ReaderDiscoveryAdapter.swift; sourceTree = "<group>"; };
		BD7F0EA72B198CF900EDEC1B /* SampleApp.app */ = {isa = PBXFileReference; explicitFileType = wrapper.application; includeInIndex = 0; path = SampleApp.app; sourceTree = BUILT_PRODUCTS_DIR; };
		BD7F0EAA2B198CF900EDEC1B /* SampleApp.swift */ = {isa = PBXFileReference; lastKnownFileType = sourcecode.swift; path = SampleApp.swift; sourceTree = "<group>"; };
		BD7F0EAC2B198CF900EDEC1B /* ReaderDiscoveryView.swift */ = {isa = PBXFileReference; lastKnownFileType = sourcecode.swift; path = ReaderDiscoveryView.swift; sourceTree = "<group>"; };
		BD7F0EAE2B198CFB00EDEC1B /* Assets.xcassets */ = {isa = PBXFileReference; lastKnownFileType = folder.assetcatalog; path = Assets.xcassets; sourceTree = "<group>"; };
		BD7F0EB12B198CFB00EDEC1B /* Preview Assets.xcassets */ = {isa = PBXFileReference; lastKnownFileType = folder.assetcatalog; path = "Preview Assets.xcassets"; sourceTree = "<group>"; };
		BDB22D742B1EE444003A7380 /* SampleApp.entitlements */ = {isa = PBXFileReference; lastKnownFileType = text.plist.entitlements; path = SampleApp.entitlements; sourceTree = "<group>"; };
/* End PBXFileReference section */

/* Begin PBXFrameworksBuildPhase section */
		BD7F0EA42B198CF900EDEC1B /* Frameworks */ = {
			isa = PBXFrameworksBuildPhase;
			buildActionMask = 2147483647;
			files = (
				BD290FC02B759AEE00028257 /* TyroTapToPaySDKPackage in Frameworks */,
				BDD79C142B8DAF2F005ED6E5 /* TyroTapToPaySDKPackage in Frameworks */,
				BDD79C162B8DAF78005ED6E5 /* TyroTapToPaySDKPackage in Frameworks */,
			);
			runOnlyForDeploymentPostprocessing = 0;
		};
/* End PBXFrameworksBuildPhase section */

/* Begin PBXGroup section */
		BD290FC72B7B112500028257 /* ReaderDiscovery */ = {
			isa = PBXGroup;
			children = (
				BD290FC92B7B114F00028257 /* ReaderDiscoveryAdapter.swift */,
				BD7F0EAC2B198CF900EDEC1B /* ReaderDiscoveryView.swift */,
			);
			path = ReaderDiscovery;
			sourceTree = "<group>";
		};
		BD290FC82B7B113900028257 /* Payment */ = {
			isa = PBXGroup;
			children = (
			);
			path = Payment;
			sourceTree = "<group>";
		};
		BD290FCB2B7B13DD00028257 /* Util */ = {
			isa = PBXGroup;
			children = (
			);
			path = Util;
			sourceTree = "<group>";
		};
		BD7F0E9E2B198CF900EDEC1B = {
			isa = PBXGroup;
			children = (
				BD7F0EA82B198CF900EDEC1B /* Products */,
				BD7F0EA92B198CF900EDEC1B /* SampleApp */,
				BD7F0ED92B1D730D00EDEC1B /* Frameworks */,
			);
			sourceTree = "<group>";
		};
		BD7F0EA82B198CF900EDEC1B /* Products */ = {
			isa = PBXGroup;
			children = (
				BD7F0EA72B198CF900EDEC1B /* SampleApp.app */,
			);
			name = Products;
			sourceTree = "<group>";
		};
		BD7F0EA92B198CF900EDEC1B /* SampleApp */ = {
			isa = PBXGroup;
			children = (
				BD290FC82B7B113900028257 /* Payment */,
				BD290FC72B7B112500028257 /* ReaderDiscovery */,
				BD290FCB2B7B13DD00028257 /* Util */,
				BD7F0EAA2B198CF900EDEC1B /* SampleApp.swift */,
				BDB22D742B1EE444003A7380 /* SampleApp.entitlements */,
				BD7F0EAE2B198CFB00EDEC1B /* Assets.xcassets */,
				BD7F0EB02B198CFB00EDEC1B /* Preview Content */,
			);
			path = SampleApp;
			sourceTree = "<group>";
		};
		BD7F0EB02B198CFB00EDEC1B /* Preview Content */ = {
			isa = PBXGroup;
			children = (
				BD7F0EB12B198CFB00EDEC1B /* Preview Assets.xcassets */,
			);
			path = "Preview Content";
			sourceTree = "<group>";
		};
		BD7F0ED92B1D730D00EDEC1B /* Frameworks */ = {
			isa = PBXGroup;
			children = (
			);
			name = Frameworks;
			sourceTree = "<group>";
		};
/* End PBXGroup section */

/* Begin PBXNativeTarget section */
		BD7F0EA62B198CF900EDEC1B /* SampleApp */ = {
			isa = PBXNativeTarget;
			buildConfigurationList = BD7F0EB52B198CFB00EDEC1B /* Build configuration list for PBXNativeTarget "SampleApp" */;
			buildPhases = (
				BD7F0EA32B198CF900EDEC1B /* Sources */,
				BD7F0EA42B198CF900EDEC1B /* Frameworks */,
				BD7F0EA52B198CF900EDEC1B /* Resources */,
			);
			buildRules = (
			);
			dependencies = (
			);
			name = SampleApp;
			packageProductDependencies = (
				BD290FBF2B759AEE00028257 /* TyroTapToPaySDKPackage */,
				BDD79C132B8DAF2F005ED6E5 /* TyroTapToPaySDKPackage */,
				BDD79C152B8DAF78005ED6E5 /* TyroTapToPaySDKPackage */,
			);
			productName = SampleApp;
			productReference = BD7F0EA72B198CF900EDEC1B /* SampleApp.app */;
			productType = "com.apple.product-type.application";
		};
/* End PBXNativeTarget section */

/* Begin PBXProject section */
		BD7F0E9F2B198CF900EDEC1B /* Project object */ = {
			isa = PBXProject;
			attributes = {
				BuildIndependentTargetsInParallel = 1;
				LastSwiftUpdateCheck = 1500;
				LastUpgradeCheck = 1500;
				TargetAttributes = {
					BD7F0EA62B198CF900EDEC1B = {
						CreatedOnToolsVersion = 15.0.1;
					};
				};
			};
			buildConfigurationList = BD7F0EA22B198CF900EDEC1B /* Build configuration list for PBXProject "SampleApp" */;
			compatibilityVersion = "Xcode 14.0";
			developmentRegion = en;
			hasScannedForEncodings = 0;
			knownRegions = (
				en,
				Base,
			);
			mainGroup = BD7F0E9E2B198CF900EDEC1B;
			packageReferences = (
				BDD79C122B8DAF2F005ED6E5 /* XCLocalSwiftPackageReference ".." */,
			);
			productRefGroup = BD7F0EA82B198CF900EDEC1B /* Products */;
			projectDirPath = "";
			projectRoot = "";
			targets = (
				BD7F0EA62B198CF900EDEC1B /* SampleApp */,
			);
		};
/* End PBXProject section */

/* Begin PBXResourcesBuildPhase section */
		BD7F0EA52B198CF900EDEC1B /* Resources */ = {
			isa = PBXResourcesBuildPhase;
			buildActionMask = 2147483647;
			files = (
				BD7F0EB22B198CFB00EDEC1B /* Preview Assets.xcassets in Resources */,
				BD7F0EAF2B198CFB00EDEC1B /* Assets.xcassets in Resources */,
			);
			runOnlyForDeploymentPostprocessing = 0;
		};
/* End PBXResourcesBuildPhase section */

/* Begin PBXSourcesBuildPhase section */
		BD7F0EA32B198CF900EDEC1B /* Sources */ = {
			isa = PBXSourcesBuildPhase;
			buildActionMask = 2147483647;
			files = (
				BD7F0EAD2B198CF900EDEC1B /* ReaderDiscoveryView.swift in Sources */,
				BD290FCA2B7B114F00028257 /* ReaderDiscoveryAdapter.swift in Sources */,
				BD7F0EAB2B198CF900EDEC1B /* SampleApp.swift in Sources */,
			);
			runOnlyForDeploymentPostprocessing = 0;
		};
/* End PBXSourcesBuildPhase section */

/* Begin XCBuildConfiguration section */
		BD7F0EB32B198CFB00EDEC1B /* Debug */ = {
			isa = XCBuildConfiguration;
			buildSettings = {
				ALWAYS_SEARCH_USER_PATHS = NO;
				ASSETCATALOG_COMPILER_GENERATE_SWIFT_ASSET_SYMBOL_EXTENSIONS = YES;
				CLANG_ANALYZER_NONNULL = YES;
				CLANG_ANALYZER_NUMBER_OBJECT_CONVERSION = YES_AGGRESSIVE;
				CLANG_CXX_LANGUAGE_STANDARD = "gnu++20";
				CLANG_ENABLE_MODULES = YES;
				CLANG_ENABLE_OBJC_ARC = YES;
				CLANG_ENABLE_OBJC_WEAK = YES;
				CLANG_WARN_BLOCK_CAPTURE_AUTORELEASING = YES;
				CLANG_WARN_BOOL_CONVERSION = YES;
				CLANG_WARN_COMMA = YES;
				CLANG_WARN_CONSTANT_CONVERSION = YES;
				CLANG_WARN_DEPRECATED_OBJC_IMPLEMENTATIONS = YES;
				CLANG_WARN_DIRECT_OBJC_ISA_USAGE = YES_ERROR;
				CLANG_WARN_DOCUMENTATION_COMMENTS = YES;
				CLANG_WARN_EMPTY_BODY = YES;
				CLANG_WARN_ENUM_CONVERSION = YES;
				CLANG_WARN_INFINITE_RECURSION = YES;
				CLANG_WARN_INT_CONVERSION = YES;
				CLANG_WARN_NON_LITERAL_NULL_CONVERSION = YES;
				CLANG_WARN_OBJC_IMPLICIT_RETAIN_SELF = YES;
				CLANG_WARN_OBJC_LITERAL_CONVERSION = YES;
				CLANG_WARN_OBJC_ROOT_CLASS = YES_ERROR;
				CLANG_WARN_QUOTED_INCLUDE_IN_FRAMEWORK_HEADER = YES;
				CLANG_WARN_RANGE_LOOP_ANALYSIS = YES;
				CLANG_WARN_STRICT_PROTOTYPES = YES;
				CLANG_WARN_SUSPICIOUS_MOVE = YES;
				CLANG_WARN_UNGUARDED_AVAILABILITY = YES_AGGRESSIVE;
				CLANG_WARN_UNREACHABLE_CODE = YES;
				CLANG_WARN__DUPLICATE_METHOD_MATCH = YES;
				COPY_PHASE_STRIP = NO;
				DEBUG_INFORMATION_FORMAT = dwarf;
				ENABLE_STRICT_OBJC_MSGSEND = YES;
				ENABLE_TESTABILITY = YES;
				ENABLE_USER_SCRIPT_SANDBOXING = YES;
				GCC_C_LANGUAGE_STANDARD = gnu17;
				GCC_DYNAMIC_NO_PIC = NO;
				GCC_NO_COMMON_BLOCKS = YES;
				GCC_PREPROCESSOR_DEFINITIONS = (
					"DEBUG=1",
					"$(inherited)",
				);
				GCC_WARN_64_TO_32_BIT_CONVERSION = YES;
				GCC_WARN_ABOUT_RETURN_TYPE = YES_ERROR;
				GCC_WARN_UNDECLARED_SELECTOR = YES;
				GCC_WARN_UNINITIALIZED_AUTOS = YES_AGGRESSIVE;
				GCC_WARN_UNUSED_FUNCTION = YES;
				GCC_WARN_UNUSED_VARIABLE = YES;
				IPHONEOS_DEPLOYMENT_TARGET = 17.0;
				LOCALIZATION_PREFERS_STRING_CATALOGS = YES;
				MTL_ENABLE_DEBUG_INFO = INCLUDE_SOURCE;
				MTL_FAST_MATH = YES;
				ONLY_ACTIVE_ARCH = YES;
				SDKROOT = iphoneos;
				SWIFT_ACTIVE_COMPILATION_CONDITIONS = "DEBUG $(inherited)";
				SWIFT_OPTIMIZATION_LEVEL = "-Onone";
			};
			name = Debug;
		};
		BD7F0EB42B198CFB00EDEC1B /* Release */ = {
			isa = XCBuildConfiguration;
			buildSettings = {
				ALWAYS_SEARCH_USER_PATHS = NO;
				ASSETCATALOG_COMPILER_GENERATE_SWIFT_ASSET_SYMBOL_EXTENSIONS = YES;
				CLANG_ANALYZER_NONNULL = YES;
				CLANG_ANALYZER_NUMBER_OBJECT_CONVERSION = YES_AGGRESSIVE;
				CLANG_CXX_LANGUAGE_STANDARD = "gnu++20";
				CLANG_ENABLE_MODULES = YES;
				CLANG_ENABLE_OBJC_ARC = YES;
				CLANG_ENABLE_OBJC_WEAK = YES;
				CLANG_WARN_BLOCK_CAPTURE_AUTORELEASING = YES;
				CLANG_WARN_BOOL_CONVERSION = YES;
				CLANG_WARN_COMMA = YES;
				CLANG_WARN_CONSTANT_CONVERSION = YES;
				CLANG_WARN_DEPRECATED_OBJC_IMPLEMENTATIONS = YES;
				CLANG_WARN_DIRECT_OBJC_ISA_USAGE = YES_ERROR;
				CLANG_WARN_DOCUMENTATION_COMMENTS = YES;
				CLANG_WARN_EMPTY_BODY = YES;
				CLANG_WARN_ENUM_CONVERSION = YES;
				CLANG_WARN_INFINITE_RECURSION = YES;
				CLANG_WARN_INT_CONVERSION = YES;
				CLANG_WARN_NON_LITERAL_NULL_CONVERSION = YES;
				CLANG_WARN_OBJC_IMPLICIT_RETAIN_SELF = YES;
				CLANG_WARN_OBJC_LITERAL_CONVERSION = YES;
				CLANG_WARN_OBJC_ROOT_CLASS = YES_ERROR;
				CLANG_WARN_QUOTED_INCLUDE_IN_FRAMEWORK_HEADER = YES;
				CLANG_WARN_RANGE_LOOP_ANALYSIS = YES;
				CLANG_WARN_STRICT_PROTOTYPES = YES;
				CLANG_WARN_SUSPICIOUS_MOVE = YES;
				CLANG_WARN_UNGUARDED_AVAILABILITY = YES_AGGRESSIVE;
				CLANG_WARN_UNREACHABLE_CODE = YES;
				CLANG_WARN__DUPLICATE_METHOD_MATCH = YES;
				COPY_PHASE_STRIP = NO;
				DEBUG_INFORMATION_FORMAT = "dwarf-with-dsym";
				ENABLE_NS_ASSERTIONS = NO;
				ENABLE_STRICT_OBJC_MSGSEND = YES;
				ENABLE_USER_SCRIPT_SANDBOXING = YES;
				GCC_C_LANGUAGE_STANDARD = gnu17;
				GCC_NO_COMMON_BLOCKS = YES;
				GCC_WARN_64_TO_32_BIT_CONVERSION = YES;
				GCC_WARN_ABOUT_RETURN_TYPE = YES_ERROR;
				GCC_WARN_UNDECLARED_SELECTOR = YES;
				GCC_WARN_UNINITIALIZED_AUTOS = YES_AGGRESSIVE;
				GCC_WARN_UNUSED_FUNCTION = YES;
				GCC_WARN_UNUSED_VARIABLE = YES;
				IPHONEOS_DEPLOYMENT_TARGET = 17.0;
				LOCALIZATION_PREFERS_STRING_CATALOGS = YES;
				MTL_ENABLE_DEBUG_INFO = NO;
				MTL_FAST_MATH = YES;
				SDKROOT = iphoneos;
				SWIFT_COMPILATION_MODE = wholemodule;
				VALIDATE_PRODUCT = YES;
			};
			name = Release;
		};
		BD7F0EB62B198CFB00EDEC1B /* Debug */ = {
			isa = XCBuildConfiguration;
			buildSettings = {
				ASSETCATALOG_COMPILER_APPICON_NAME = AppIcon;
				ASSETCATALOG_COMPILER_GLOBAL_ACCENT_COLOR_NAME = AccentColor;
				BUILD_LIBRARY_FOR_DISTRIBUTION = YES;
				CODE_SIGN_ENTITLEMENTS = SampleApp/SampleApp.entitlements;
				CODE_SIGN_IDENTITY = "Apple Development";
				CODE_SIGN_STYLE = Automatic;
				CURRENT_PROJECT_VERSION = 1;
				DEVELOPMENT_ASSET_PATHS = "\"SampleApp/Preview Content\"";
				DEVELOPMENT_TEAM = AP4UA2XZ78;
				ENABLE_PREVIEWS = YES;
				GENERATE_INFOPLIST_FILE = YES;
				INFOPLIST_KEY_UIApplicationSceneManifest_Generation = YES;
				INFOPLIST_KEY_UIApplicationSupportsIndirectInputEvents = YES;
				INFOPLIST_KEY_UILaunchScreen_Generation = YES;
				INFOPLIST_KEY_UISupportedInterfaceOrientations = UIInterfaceOrientationPortrait;
				INFOPLIST_KEY_UISupportedInterfaceOrientations_iPad = "UIInterfaceOrientationLandscapeLeft UIInterfaceOrientationLandscapeRight UIInterfaceOrientationPortrait UIInterfaceOrientationPortraitUpsideDown";
				LD_RUNPATH_SEARCH_PATHS = (
					"$(inherited)",
					"@executable_path/Frameworks",
				);
				MARKETING_VERSION = 0.20;
				PRODUCT_BUNDLE_IDENTIFIER = "com.tyro.tap-to-pay-sdk-ios.sample-app";
				PRODUCT_NAME = "$(TARGET_NAME)";
				PROVISIONING_PROFILE_SPECIFIER = "";
				SUPPORTED_PLATFORMS = "iphoneos iphonesimulator";
				SUPPORTS_MACCATALYST = NO;
				SUPPORTS_MAC_DESIGNED_FOR_IPHONE_IPAD = NO;
				SUPPORTS_XR_DESIGNED_FOR_IPHONE_IPAD = NO;
				SWIFT_OPTIMIZATION_LEVEL = "-Onone";
				SWIFT_VERSION = 5.0;
				TARGETED_DEVICE_FAMILY = 1;
			};
			name = Debug;
		};
		BD7F0EB72B198CFB00EDEC1B /* Release */ = {
			isa = XCBuildConfiguration;
			buildSettings = {
				ASSETCATALOG_COMPILER_APPICON_NAME = AppIcon;
				ASSETCATALOG_COMPILER_GLOBAL_ACCENT_COLOR_NAME = AccentColor;
				BUILD_LIBRARY_FOR_DISTRIBUTION = YES;
				CODE_SIGN_ENTITLEMENTS = SampleApp/SampleApp.entitlements;
				CODE_SIGN_IDENTITY = "Apple Development";
				CODE_SIGN_STYLE = Automatic;
				CURRENT_PROJECT_VERSION = 1;
				DEVELOPMENT_ASSET_PATHS = "\"SampleApp/Preview Content\"";
				DEVELOPMENT_TEAM = AP4UA2XZ78;
				ENABLE_PREVIEWS = YES;
				GENERATE_INFOPLIST_FILE = YES;
				INFOPLIST_KEY_UIApplicationSceneManifest_Generation = YES;
				INFOPLIST_KEY_UIApplicationSupportsIndirectInputEvents = YES;
				INFOPLIST_KEY_UILaunchScreen_Generation = YES;
				INFOPLIST_KEY_UISupportedInterfaceOrientations = UIInterfaceOrientationPortrait;
				INFOPLIST_KEY_UISupportedInterfaceOrientations_iPad = "UIInterfaceOrientationLandscapeLeft UIInterfaceOrientationLandscapeRight UIInterfaceOrientationPortrait UIInterfaceOrientationPortraitUpsideDown";
				LD_RUNPATH_SEARCH_PATHS = (
					"$(inherited)",
					"@executable_path/Frameworks",
				);
				MARKETING_VERSION = 0.20;
				PRODUCT_BUNDLE_IDENTIFIER = "com.tyro.tap-to-pay-sdk-ios.sample-app";
				PRODUCT_NAME = "$(TARGET_NAME)";
				PROVISIONING_PROFILE_SPECIFIER = "";
				SUPPORTED_PLATFORMS = "iphoneos iphonesimulator";
				SUPPORTS_MACCATALYST = NO;
				SUPPORTS_MAC_DESIGNED_FOR_IPHONE_IPAD = NO;
				SUPPORTS_XR_DESIGNED_FOR_IPHONE_IPAD = NO;
				SWIFT_VERSION = 5.0;
				TARGETED_DEVICE_FAMILY = 1;
			};
			name = Release;
		};
/* End XCBuildConfiguration section */

/* Begin XCConfigurationList section */
		BD7F0EA22B198CF900EDEC1B /* Build configuration list for PBXProject "SampleApp" */ = {
			isa = XCConfigurationList;
			buildConfigurations = (
				BD7F0EB32B198CFB00EDEC1B /* Debug */,
				BD7F0EB42B198CFB00EDEC1B /* Release */,
			);
			defaultConfigurationIsVisible = 0;
			defaultConfigurationName = Release;
		};
		BD7F0EB52B198CFB00EDEC1B /* Build configuration list for PBXNativeTarget "SampleApp" */ = {
			isa = XCConfigurationList;
			buildConfigurations = (
				BD7F0EB62B198CFB00EDEC1B /* Debug */,
				BD7F0EB72B198CFB00EDEC1B /* Release */,
			);
			defaultConfigurationIsVisible = 0;
			defaultConfigurationName = Release;
		};
/* End XCConfigurationList section */

/* Begin XCLocalSwiftPackageReference section */
		BDD79C122B8DAF2F005ED6E5 /* XCLocalSwiftPackageReference ".." */ = {
			isa = XCLocalSwiftPackageReference;
			relativePath = ..;
		};
/* End XCLocalSwiftPackageReference section */

/* Begin XCSwiftPackageProductDependency section */
		BD290FBF2B759AEE00028257 /* TyroTapToPaySDKPackage */ = {
			isa = XCSwiftPackageProductDependency;
			productName = TyroTapToPaySDKPackage;
		};
		BDD79C132B8DAF2F005ED6E5 /* TyroTapToPaySDKPackage */ = {
			isa = XCSwiftPackageProductDependency;
			productName = TyroTapToPaySDKPackage;
		};
		BDD79C152B8DAF78005ED6E5 /* TyroTapToPaySDKPackage */ = {
			isa = XCSwiftPackageProductDependency;
			productName = TyroTapToPaySDKPackage;
		};
/* End XCSwiftPackageProductDependency section */
	};
	rootObject = BD7F0E9F2B198CF900EDEC1B /* Project object */;
	};
}
