// !$*UTF8*$!
{
	archiveVersion = 1;
	classes = {
	};
	objectVersion = 60;
	objects = {

/* Begin PBXBuildFile section */
		8B76E12F2B579EDE0017B455 /* OpenSSL in Frameworks */ = {isa = PBXBuildFile; productRef = 8B76E12E2B579EDE0017B455 /* OpenSSL */; };
		BDC05CBF2B903FB50062C06D /* TransactionView.swift in Sources */ = {isa = PBXBuildFile; fileRef = BDC05CB22B903FB50062C06D /* TransactionView.swift */; };
		BDC05CC02B903FB50062C06D /* DisabledView.swift in Sources */ = {isa = PBXBuildFile; fileRef = BDC05CB32B903FB50062C06D /* DisabledView.swift */; };
		BDC05CC12B903FB50062C06D /* TransactionStatusView.swift in Sources */ = {isa = PBXBuildFile; fileRef = BDC05CB42B903FB50062C06D /* TransactionStatusView.swift */; };
		BDC05CC22B903FB50062C06D /* POSConnectionProvider.swift in Sources */ = {isa = PBXBuildFile; fileRef = BDC05CB62B903FB50062C06D /* POSConnectionProvider.swift */; };
		BDC05CC32B903FB50062C06D /* config_uat.env in Resources */ = {isa = PBXBuildFile; fileRef = BDC05CB72B903FB50062C06D /* config_uat.env */; };
		BDC05CC42B903FB50062C06D /* Assets.xcassets in Resources */ = {isa = PBXBuildFile; fileRef = BDC05CB82B903FB50062C06D /* Assets.xcassets */; };
		BDC05CC52B903FB50062C06D /* Preview Assets.xcassets in Resources */ = {isa = PBXBuildFile; fileRef = BDC05CBA2B903FB50062C06D /* Preview Assets.xcassets */; };
		BDC05CC62B903FB50062C06D /* EnableTapToPayView.swift in Sources */ = {isa = PBXBuildFile; fileRef = BDC05CBB2B903FB50062C06D /* EnableTapToPayView.swift */; };
		BDC05CC72B903FB50062C06D /* SampleApp.swift in Sources */ = {isa = PBXBuildFile; fileRef = BDC05CBC2B903FB50062C06D /* SampleApp.swift */; };
		BDC05CC82B903FB50062C06D /* Utils.swift in Sources */ = {isa = PBXBuildFile; fileRef = BDC05CBD2B903FB50062C06D /* Utils.swift */; };
		BDC05CC92B903FB50062C06D /* AppConfig.swift in Sources */ = {isa = PBXBuildFile; fileRef = BDC05CBE2B903FB50062C06D /* AppConfig.swift */; };
		BDFDEE622B8F03760034DA1F /* TyroTapToPaySDKPackage in Frameworks */ = {isa = PBXBuildFile; productRef = BDFDEE612B8F03760034DA1F /* TyroTapToPaySDKPackage */; };
/* End PBXBuildFile section */

/* Begin PBXCopyFilesBuildPhase section */
		8B76E12C2B579E780017B455 /* Embed Frameworks */ = {
			isa = PBXCopyFilesBuildPhase;
			buildActionMask = 2147483647;
			dstPath = "";
			dstSubfolderSpec = 10;
			files = (
			);
			name = "Embed Frameworks";
			runOnlyForDeploymentPostprocessing = 0;
		};
/* End PBXCopyFilesBuildPhase section */

/* Begin PBXFileReference section */
		8B76E0D02B5782500017B455 /* SampleApp.app */ = {isa = PBXFileReference; explicitFileType = wrapper.application; includeInIndex = 0; path = SampleApp.app; sourceTree = BUILT_PRODUCTS_DIR; };
		BDC05CB12B903FB50062C06D /* SampleApp.entitlements */ = {isa = PBXFileReference; fileEncoding = 4; lastKnownFileType = text.plist.entitlements; path = SampleApp.entitlements; sourceTree = "<group>"; };
		BDC05CB22B903FB50062C06D /* TransactionView.swift */ = {isa = PBXFileReference; fileEncoding = 4; lastKnownFileType = sourcecode.swift; path = TransactionView.swift; sourceTree = "<group>"; };
		BDC05CB32B903FB50062C06D /* DisabledView.swift */ = {isa = PBXFileReference; fileEncoding = 4; lastKnownFileType = sourcecode.swift; path = DisabledView.swift; sourceTree = "<group>"; };
		BDC05CB42B903FB50062C06D /* TransactionStatusView.swift */ = {isa = PBXFileReference; fileEncoding = 4; lastKnownFileType = sourcecode.swift; path = TransactionStatusView.swift; sourceTree = "<group>"; };
		BDC05CB62B903FB50062C06D /* POSConnectionProvider.swift */ = {isa = PBXFileReference; fileEncoding = 4; lastKnownFileType = sourcecode.swift; path = POSConnectionProvider.swift; sourceTree = "<group>"; };
		BDC05CB72B903FB50062C06D /* config_uat.env */ = {isa = PBXFileReference; lastKnownFileType = file; path = config_uat.env; sourceTree = "<group>"; };
		BDC05CB82B903FB50062C06D /* Assets.xcassets */ = {isa = PBXFileReference; lastKnownFileType = folder.assetcatalog; path = Assets.xcassets; sourceTree = "<group>"; };
		BDC05CBA2B903FB50062C06D /* Preview Assets.xcassets */ = {isa = PBXFileReference; lastKnownFileType = folder.assetcatalog; path = "Preview Assets.xcassets"; sourceTree = "<group>"; };
		BDC05CBB2B903FB50062C06D /* EnableTapToPayView.swift */ = {isa = PBXFileReference; fileEncoding = 4; lastKnownFileType = sourcecode.swift; path = EnableTapToPayView.swift; sourceTree = "<group>"; };
		BDC05CBC2B903FB50062C06D /* SampleApp.swift */ = {isa = PBXFileReference; fileEncoding = 4; lastKnownFileType = sourcecode.swift; path = SampleApp.swift; sourceTree = "<group>"; };
		BDC05CBD2B903FB50062C06D /* Utils.swift */ = {isa = PBXFileReference; fileEncoding = 4; lastKnownFileType = sourcecode.swift; path = Utils.swift; sourceTree = "<group>"; };
		BDC05CBE2B903FB50062C06D /* AppConfig.swift */ = {isa = PBXFileReference; fileEncoding = 4; lastKnownFileType = sourcecode.swift; path = AppConfig.swift; sourceTree = "<group>"; };
/* End PBXFileReference section */

/* Begin PBXFrameworksBuildPhase section */
		8B76E0CD2B5782500017B455 /* Frameworks */ = {
			isa = PBXFrameworksBuildPhase;
			buildActionMask = 2147483647;
			files = (
				BDFDEE622B8F03760034DA1F /* TyroTapToPaySDKPackage in Frameworks */,
				8B76E12F2B579EDE0017B455 /* OpenSSL in Frameworks */,
			);
			runOnlyForDeploymentPostprocessing = 0;
		};
/* End PBXFrameworksBuildPhase section */

/* Begin PBXGroup section */
		8B76E0C72B5782500017B455 = {
			isa = PBXGroup;
			children = (
				BDC05CB02B903FB50062C06D /* SampleApp */,
				8B76E0D12B5782500017B455 /* Products */,
			);
			sourceTree = "<group>";
		};
		8B76E0D12B5782500017B455 /* Products */ = {
			isa = PBXGroup;
			children = (
				8B76E0D02B5782500017B455 /* SampleApp.app */,
			);
			name = Products;
			sourceTree = "<group>";
		};
		BDC05CB02B903FB50062C06D /* SampleApp */ = {
			isa = PBXGroup;
			children = (
				BDC05CB12B903FB50062C06D /* SampleApp.entitlements */,
				BDC05CB22B903FB50062C06D /* TransactionView.swift */,
				BDC05CB32B903FB50062C06D /* DisabledView.swift */,
				BDC05CB42B903FB50062C06D /* TransactionStatusView.swift */,
				BDC05CB52B903FB50062C06D /* providers */,
				BDC05CB72B903FB50062C06D /* config_uat.env */,
				BDC05CB82B903FB50062C06D /* Assets.xcassets */,
				BDC05CB92B903FB50062C06D /* Preview Content */,
				BDC05CBB2B903FB50062C06D /* EnableTapToPayView.swift */,
				BDC05CBC2B903FB50062C06D /* SampleApp.swift */,
				BDC05CBD2B903FB50062C06D /* Utils.swift */,
				BDC05CBE2B903FB50062C06D /* AppConfig.swift */,
			);
			path = SampleApp;
			sourceTree = "<group>";
		};
		BDC05CB52B903FB50062C06D /* providers */ = {
			isa = PBXGroup;
			children = (
				BDC05CB62B903FB50062C06D /* POSConnectionProvider.swift */,
			);
			path = providers;
			sourceTree = "<group>";
		};
		BDC05CB92B903FB50062C06D /* Preview Content */ = {
			isa = PBXGroup;
			children = (
				BDC05CBA2B903FB50062C06D /* Preview Assets.xcassets */,
			);
			path = "Preview Content";
			sourceTree = "<group>";
		};
/* End PBXGroup section */

/* Begin PBXNativeTarget section */
		8B76E0CF2B5782500017B455 /* SampleApp */ = {
			isa = PBXNativeTarget;
			buildConfigurationList = 8B76E0DE2B5782520017B455 /* Build configuration list for PBXNativeTarget "SampleApp" */;
			buildPhases = (
				8B76E0CC2B5782500017B455 /* Sources */,
				8B76E0CD2B5782500017B455 /* Frameworks */,
				8B76E0CE2B5782500017B455 /* Resources */,
				8B76E12C2B579E780017B455 /* Embed Frameworks */,
			);
			buildRules = (
			);
			dependencies = (
			);
			name = SampleApp;
			packageProductDependencies = (
				8B76E12E2B579EDE0017B455 /* OpenSSL */,
				BDFDEE612B8F03760034DA1F /* TyroTapToPaySDKPackage */,
			);
			productName = "tyro-tap-to-pay-sdk-ios-sample-app";
			productReference = 8B76E0D02B5782500017B455 /* SampleApp.app */;
			productType = "com.apple.product-type.application";
		};
/* End PBXNativeTarget section */

/* Begin PBXProject section */
		8B76E0C82B5782500017B455 /* Project object */ = {
			isa = PBXProject;
			attributes = {
				BuildIndependentTargetsInParallel = 1;
				LastSwiftUpdateCheck = 1500;
				LastUpgradeCheck = 1500;
				TargetAttributes = {
					8B76E0CF2B5782500017B455 = {
						CreatedOnToolsVersion = 15.0.1;
					};
				};
			};
			buildConfigurationList = 8B76E0CB2B5782500017B455 /* Build configuration list for PBXProject "SampleApp" */;
			compatibilityVersion = "Xcode 14.0";
			developmentRegion = en;
			hasScannedForEncodings = 0;
			knownRegions = (
				en,
				Base,
			);
			mainGroup = 8B76E0C72B5782500017B455;
			packageReferences = (
				8B76E12D2B579EDE0017B455 /* XCRemoteSwiftPackageReference "OpenSSL" */,
				BDFDEE602B8F03760034DA1F /* XCLocalSwiftPackageReference ".." */,
			);
			productRefGroup = 8B76E0D12B5782500017B455 /* Products */;
			projectDirPath = "";
			projectRoot = "";
			targets = (
				8B76E0CF2B5782500017B455 /* SampleApp */,
			);
		};
/* End PBXProject section */

/* Begin PBXResourcesBuildPhase section */
		8B76E0CE2B5782500017B455 /* Resources */ = {
			isa = PBXResourcesBuildPhase;
			buildActionMask = 2147483647;
			files = (
				BDC05CC32B903FB50062C06D /* config_uat.env in Resources */,
				BDC05CC52B903FB50062C06D /* Preview Assets.xcassets in Resources */,
				BDC05CC42B903FB50062C06D /* Assets.xcassets in Resources */,
			);
			runOnlyForDeploymentPostprocessing = 0;
		};
/* End PBXResourcesBuildPhase section */

/* Begin PBXSourcesBuildPhase section */
		8B76E0CC2B5782500017B455 /* Sources */ = {
			isa = PBXSourcesBuildPhase;
			buildActionMask = 2147483647;
			files = (
				BDC05CC62B903FB50062C06D /* EnableTapToPayView.swift in Sources */,
				BDC05CC92B903FB50062C06D /* AppConfig.swift in Sources */,
				BDC05CC72B903FB50062C06D /* SampleApp.swift in Sources */,
				BDC05CC82B903FB50062C06D /* Utils.swift in Sources */,
				BDC05CC12B903FB50062C06D /* TransactionStatusView.swift in Sources */,
				BDC05CC02B903FB50062C06D /* DisabledView.swift in Sources */,
				BDC05CC22B903FB50062C06D /* POSConnectionProvider.swift in Sources */,
				BDC05CBF2B903FB50062C06D /* TransactionView.swift in Sources */,
			);
			runOnlyForDeploymentPostprocessing = 0;
		};
/* End PBXSourcesBuildPhase section */

/* Begin XCBuildConfiguration section */
		8B76E0DC2B5782520017B455 /* Debug */ = {
			isa = XCBuildConfiguration;
			buildSettings = {
				ALWAYS_SEARCH_USER_PATHS = NO;
				ASSETCATALOG_COMPILER_GENERATE_SWIFT_ASSET_SYMBOL_EXTENSIONS = YES;
				CLANG_ANALYZER_NONNULL = YES;
				CLANG_ANALYZER_NUMBER_OBJECT_CONVERSION = YES_AGGRESSIVE;
				CLANG_CXX_LANGUAGE_STANDARD = "gnu++20";
				CLANG_ENABLE_MODULES = YES;
				CLANG_ENABLE_OBJC_ARC = YES;
				CLANG_ENABLE_OBJC_WEAK = YES;
				CLANG_WARN_BLOCK_CAPTURE_AUTORELEASING = YES;
				CLANG_WARN_BOOL_CONVERSION = YES;
				CLANG_WARN_COMMA = YES;
				CLANG_WARN_CONSTANT_CONVERSION = YES;
				CLANG_WARN_DEPRECATED_OBJC_IMPLEMENTATIONS = YES;
				CLANG_WARN_DIRECT_OBJC_ISA_USAGE = YES_ERROR;
				CLANG_WARN_DOCUMENTATION_COMMENTS = YES;
				CLANG_WARN_EMPTY_BODY = YES;
				CLANG_WARN_ENUM_CONVERSION = YES;
				CLANG_WARN_INFINITE_RECURSION = YES;
				CLANG_WARN_INT_CONVERSION = YES;
				CLANG_WARN_NON_LITERAL_NULL_CONVERSION = YES;
				CLANG_WARN_OBJC_IMPLICIT_RETAIN_SELF = YES;
				CLANG_WARN_OBJC_LITERAL_CONVERSION = YES;
				CLANG_WARN_OBJC_ROOT_CLASS = YES_ERROR;
				CLANG_WARN_QUOTED_INCLUDE_IN_FRAMEWORK_HEADER = YES;
				CLANG_WARN_RANGE_LOOP_ANALYSIS = YES;
				CLANG_WARN_STRICT_PROTOTYPES = YES;
				CLANG_WARN_SUSPICIOUS_MOVE = YES;
				CLANG_WARN_UNGUARDED_AVAILABILITY = YES_AGGRESSIVE;
				CLANG_WARN_UNREACHABLE_CODE = YES;
				CLANG_WARN__DUPLICATE_METHOD_MATCH = YES;
				COPY_PHASE_STRIP = NO;
				DEBUG_INFORMATION_FORMAT = dwarf;
				ENABLE_STRICT_OBJC_MSGSEND = YES;
				ENABLE_TESTABILITY = YES;
				ENABLE_USER_SCRIPT_SANDBOXING = YES;
				GCC_C_LANGUAGE_STANDARD = gnu17;
				GCC_DYNAMIC_NO_PIC = NO;
				GCC_NO_COMMON_BLOCKS = YES;
				GCC_OPTIMIZATION_LEVEL = 0;
				GCC_PREPROCESSOR_DEFINITIONS = (
					"DEBUG=1",
					"$(inherited)",
				);
				GCC_WARN_64_TO_32_BIT_CONVERSION = YES;
				GCC_WARN_ABOUT_RETURN_TYPE = YES_ERROR;
				GCC_WARN_UNDECLARED_SELECTOR = YES;
				GCC_WARN_UNINITIALIZED_AUTOS = YES_AGGRESSIVE;
				GCC_WARN_UNUSED_FUNCTION = YES;
				GCC_WARN_UNUSED_VARIABLE = YES;
				IPHONEOS_DEPLOYMENT_TARGET = 17.0;
				LOCALIZATION_PREFERS_STRING_CATALOGS = YES;
				MTL_ENABLE_DEBUG_INFO = INCLUDE_SOURCE;
				MTL_FAST_MATH = YES;
				ONLY_ACTIVE_ARCH = YES;
				SDKROOT = iphoneos;
				SWIFT_ACTIVE_COMPILATION_CONDITIONS = "DEBUG $(inherited)";
				SWIFT_OPTIMIZATION_LEVEL = "-Onone";
			};
			name = Debug;
		};
		8B76E0DD2B5782520017B455 /* Release */ = {
			isa = XCBuildConfiguration;
			buildSettings = {
				ALWAYS_SEARCH_USER_PATHS = NO;
				ASSETCATALOG_COMPILER_GENERATE_SWIFT_ASSET_SYMBOL_EXTENSIONS = YES;
				CLANG_ANALYZER_NONNULL = YES;
				CLANG_ANALYZER_NUMBER_OBJECT_CONVERSION = YES_AGGRESSIVE;
				CLANG_CXX_LANGUAGE_STANDARD = "gnu++20";
				CLANG_ENABLE_MODULES = YES;
				CLANG_ENABLE_OBJC_ARC = YES;
				CLANG_ENABLE_OBJC_WEAK = YES;
				CLANG_WARN_BLOCK_CAPTURE_AUTORELEASING = YES;
				CLANG_WARN_BOOL_CONVERSION = YES;
				CLANG_WARN_COMMA = YES;
				CLANG_WARN_CONSTANT_CONVERSION = YES;
				CLANG_WARN_DEPRECATED_OBJC_IMPLEMENTATIONS = YES;
				CLANG_WARN_DIRECT_OBJC_ISA_USAGE = YES_ERROR;
				CLANG_WARN_DOCUMENTATION_COMMENTS = YES;
				CLANG_WARN_EMPTY_BODY = YES;
				CLANG_WARN_ENUM_CONVERSION = YES;
				CLANG_WARN_INFINITE_RECURSION = YES;
				CLANG_WARN_INT_CONVERSION = YES;
				CLANG_WARN_NON_LITERAL_NULL_CONVERSION = YES;
				CLANG_WARN_OBJC_IMPLICIT_RETAIN_SELF = YES;
				CLANG_WARN_OBJC_LITERAL_CONVERSION = YES;
				CLANG_WARN_OBJC_ROOT_CLASS = YES_ERROR;
				CLANG_WARN_QUOTED_INCLUDE_IN_FRAMEWORK_HEADER = YES;
				CLANG_WARN_RANGE_LOOP_ANALYSIS = YES;
				CLANG_WARN_STRICT_PROTOTYPES = YES;
				CLANG_WARN_SUSPICIOUS_MOVE = YES;
				CLANG_WARN_UNGUARDED_AVAILABILITY = YES_AGGRESSIVE;
				CLANG_WARN_UNREACHABLE_CODE = YES;
				CLANG_WARN__DUPLICATE_METHOD_MATCH = YES;
				COPY_PHASE_STRIP = NO;
				DEBUG_INFORMATION_FORMAT = "dwarf-with-dsym";
				ENABLE_NS_ASSERTIONS = NO;
				ENABLE_STRICT_OBJC_MSGSEND = YES;
				ENABLE_USER_SCRIPT_SANDBOXING = YES;
				GCC_C_LANGUAGE_STANDARD = gnu17;
				GCC_NO_COMMON_BLOCKS = YES;
				GCC_WARN_64_TO_32_BIT_CONVERSION = YES;
				GCC_WARN_ABOUT_RETURN_TYPE = YES_ERROR;
				GCC_WARN_UNDECLARED_SELECTOR = YES;
				GCC_WARN_UNINITIALIZED_AUTOS = YES_AGGRESSIVE;
				GCC_WARN_UNUSED_FUNCTION = YES;
				GCC_WARN_UNUSED_VARIABLE = YES;
				IPHONEOS_DEPLOYMENT_TARGET = 17.0;
				LOCALIZATION_PREFERS_STRING_CATALOGS = YES;
				MTL_ENABLE_DEBUG_INFO = NO;
				MTL_FAST_MATH = YES;
				SDKROOT = iphoneos;
				SWIFT_COMPILATION_MODE = wholemodule;
				VALIDATE_PRODUCT = YES;
			};
			name = Release;
		};
		8B76E0DF2B5782520017B455 /* Debug */ = {
			isa = XCBuildConfiguration;
			buildSettings = {
				ASSETCATALOG_COMPILER_APPICON_NAME = AppIcon;
				ASSETCATALOG_COMPILER_GLOBAL_ACCENT_COLOR_NAME = AccentColor;
				CODE_SIGN_ENTITLEMENTS = SampleApp/SampleApp.entitlements;
				CODE_SIGN_STYLE = Automatic;
				CURRENT_PROJECT_VERSION = 1;
				DEVELOPMENT_ASSET_PATHS = "\"SampleApp/Preview Content\"";
				DEVELOPMENT_TEAM = AP4UA2XZ78;
				ENABLE_PREVIEWS = YES;
				GENERATE_INFOPLIST_FILE = YES;
				INFOPLIST_KEY_UIApplicationSceneManifest_Generation = YES;
				INFOPLIST_KEY_UIApplicationSupportsIndirectInputEvents = YES;
				INFOPLIST_KEY_UILaunchScreen_Generation = YES;
				INFOPLIST_KEY_UISupportedInterfaceOrientations_iPad = "UIInterfaceOrientationPortrait UIInterfaceOrientationPortraitUpsideDown UIInterfaceOrientationLandscapeLeft UIInterfaceOrientationLandscapeRight";
				INFOPLIST_KEY_UISupportedInterfaceOrientations_iPhone = "UIInterfaceOrientationPortrait UIInterfaceOrientationLandscapeLeft UIInterfaceOrientationLandscapeRight";
				LD_RUNPATH_SEARCH_PATHS = (
					"$(inherited)",
					"@executable_path/Frameworks",
				);
				MARKETING_VERSION = 1.0;
				PRODUCT_BUNDLE_IDENTIFIER = "com.tyro.tap-to-pay-sdk-ios.sample-app";
				PRODUCT_NAME = "$(TARGET_NAME)";
				SWIFT_EMIT_LOC_STRINGS = YES;
				SWIFT_VERSION = 5.0;
				TARGETED_DEVICE_FAMILY = "1,2";
			};
			name = Debug;
		};
		8B76E0E02B5782520017B455 /* Release */ = {
			isa = XCBuildConfiguration;
			buildSettings = {
				ASSETCATALOG_COMPILER_APPICON_NAME = AppIcon;
				ASSETCATALOG_COMPILER_GLOBAL_ACCENT_COLOR_NAME = AccentColor;
				CODE_SIGN_ENTITLEMENTS = SampleApp/SampleApp.entitlements;
				CODE_SIGN_STYLE = Automatic;
				CURRENT_PROJECT_VERSION = 1;
				DEVELOPMENT_ASSET_PATHS = "\"SampleApp/Preview Content\"";
				DEVELOPMENT_TEAM = AP4UA2XZ78;
				ENABLE_PREVIEWS = YES;
				GENERATE_INFOPLIST_FILE = YES;
				INFOPLIST_KEY_UIApplicationSceneManifest_Generation = YES;
				INFOPLIST_KEY_UIApplicationSupportsIndirectInputEvents = YES;
				INFOPLIST_KEY_UILaunchScreen_Generation = YES;
				INFOPLIST_KEY_UISupportedInterfaceOrientations_iPad = "UIInterfaceOrientationPortrait UIInterfaceOrientationPortraitUpsideDown UIInterfaceOrientationLandscapeLeft UIInterfaceOrientationLandscapeRight";
				INFOPLIST_KEY_UISupportedInterfaceOrientations_iPhone = "UIInterfaceOrientationPortrait UIInterfaceOrientationLandscapeLeft UIInterfaceOrientationLandscapeRight";
				LD_RUNPATH_SEARCH_PATHS = (
					"$(inherited)",
					"@executable_path/Frameworks",
				);
				MARKETING_VERSION = 1.0;
				PRODUCT_BUNDLE_IDENTIFIER = "com.tyro.tap-to-pay-sdk-ios.sample-app";
				PRODUCT_NAME = "$(TARGET_NAME)";
				SWIFT_EMIT_LOC_STRINGS = YES;
				SWIFT_VERSION = 5.0;
				TARGETED_DEVICE_FAMILY = "1,2";
			};
			name = Release;
		};
/* End XCBuildConfiguration section */

/* Begin XCConfigurationList section */
		8B76E0CB2B5782500017B455 /* Build configuration list for PBXProject "SampleApp" */ = {
			isa = XCConfigurationList;
			buildConfigurations = (
				8B76E0DC2B5782520017B455 /* Debug */,
				8B76E0DD2B5782520017B455 /* Release */,
			);
			defaultConfigurationIsVisible = 0;
			defaultConfigurationName = Release;
		};
		8B76E0DE2B5782520017B455 /* Build configuration list for PBXNativeTarget "SampleApp" */ = {
			isa = XCConfigurationList;
			buildConfigurations = (
				8B76E0DF2B5782520017B455 /* Debug */,
				8B76E0E02B5782520017B455 /* Release */,
			);
			defaultConfigurationIsVisible = 0;
			defaultConfigurationName = Release;
		};
/* End XCConfigurationList section */

/* Begin XCLocalSwiftPackageReference section */
		BDFDEE602B8F03760034DA1F /* XCLocalSwiftPackageReference ".." */ = {
			isa = XCLocalSwiftPackageReference;
			relativePath = ..;
		};
/* End XCLocalSwiftPackageReference section */

/* Begin XCRemoteSwiftPackageReference section */
		8B76E12D2B579EDE0017B455 /* XCRemoteSwiftPackageReference "OpenSSL" */ = {
			isa = XCRemoteSwiftPackageReference;
			repositoryURL = "https://github.com/krzyzanowskim/OpenSSL.git";
			requirement = {
				kind = upToNextMajorVersion;
				minimumVersion = 3.1.4000;
			};
		};
/* End XCRemoteSwiftPackageReference section */

/* Begin XCSwiftPackageProductDependency section */
		8B76E12E2B579EDE0017B455 /* OpenSSL */ = {
			isa = XCSwiftPackageProductDependency;
			package = 8B76E12D2B579EDE0017B455 /* XCRemoteSwiftPackageReference "OpenSSL" */;
			productName = OpenSSL;
		};
		BDFDEE612B8F03760034DA1F /* TyroTapToPaySDKPackage */ = {
			isa = XCSwiftPackageProductDependency;
			productName = TyroTapToPaySDKPackage;
		};
/* End XCSwiftPackageProductDependency section */
	};
	rootObject = 8B76E0C82B5782500017B455 /* Project object */;
}
